<?xml version="1.0" encoding="utf-8"?>
<Project ToolsVersion="4.0" xmlns="http://schemas.microsoft.com/developer/msbuild/2003">
  <ItemGroup>
    <Filter Include="소스 파일">
      <UniqueIdentifier>{4FC737F1-C7A5-4376-A066-2A32D752A2FF}</UniqueIdentifier>
      <Extensions>cpp;c;cc;cxx;c++;cppm;ixx;def;odl;idl;hpj;bat;asm;asmx</Extensions>
    </Filter>
    <Filter Include="헤더 파일">
      <UniqueIdentifier>{93995380-89BD-4b04-88EB-625FBE52EBFB}</UniqueIdentifier>
      <Extensions>h;hh;hpp;hxx;h++;hm;inl;inc;ipp;xsd</Extensions>
    </Filter>
    <Filter Include="리소스 파일">
      <UniqueIdentifier>{67DA6AB6-F800-4c08-8B7A-83BB121AAD01}</UniqueIdentifier>
      <Extensions>rc;ico;cur;bmp;dlg;rc2;rct;bin;rgs;gif;jpg;jpeg;jpe;resx;tiff;tif;png;wav;mfcribbon-ms</Extensions>
    </Filter>
    <Filter Include="소스 파일\이코테">
      <UniqueIdentifier>{1b44fb29-c71e-4fb1-aff2-ca3ebf773c62}</UniqueIdentifier>
    </Filter>
    <Filter Include="소스 파일\백준">
      <UniqueIdentifier>{89bcd8ea-45d2-41e9-989c-6ef3be185067}</UniqueIdentifier>
    </Filter>
  </ItemGroup>
  <ItemGroup>
    <ClCompile Include="이코테14강상하좌우.cpp">
      <Filter>소스 파일\이코테</Filter>
    </ClCompile>
    <ClCompile Include="이코테15강문자열재정렬.cpp">
      <Filter>소스 파일\이코테</Filter>
    </ClCompile>
    <ClCompile Include="이코테15강시각.cpp">
      <Filter>소스 파일\이코테</Filter>
    </ClCompile>
    <ClCompile Include="이코테15강왕실의나이트.cpp">
      <Filter>소스 파일\이코테</Filter>
    </ClCompile>
    <ClCompile Include="이코테20강미로탈출.cpp">
      <Filter>소스 파일\이코테</Filter>
    </ClCompile>
    <ClCompile Include="이코테20강음료수얼려먹기.cpp">
      <Filter>소스 파일\이코테</Filter>
    </ClCompile>
    <ClCompile Include="이코테그리디1.cpp">
      <Filter>소스 파일\이코테</Filter>
    </ClCompile>
    <ClCompile Include="이코테그리디2.cpp">
      <Filter>소스 파일\이코테</Filter>
    </ClCompile>
    <ClCompile Include="이코테그리디3.cpp">
      <Filter>소스 파일\이코테</Filter>
    </ClCompile>
    <ClCompile Include="1920수찾기.cpp">
      <Filter>소스 파일\백준</Filter>
    </ClCompile>
    <ClCompile Include="2231분해합.cpp">
      <Filter>소스 파일\백준</Filter>
    </ClCompile>
    <ClCompile Include="2750수정렬하기.cpp">
      <Filter>소스 파일\백준</Filter>
    </ClCompile>
    <ClCompile Include="2798블랙잭.cpp">
      <Filter>소스 파일\백준</Filter>
    </ClCompile>
    <ClCompile Include="7568덩치.cpp">
      <Filter>소스 파일\백준</Filter>
    </ClCompile>
    <ClCompile Include="14225부분수열의 합.cpp">
      <Filter>소스 파일\백준</Filter>
    </ClCompile>
    <ClCompile Include="90951,2,3더하기.cpp">
      <Filter>소스 파일\백준</Filter>
    </ClCompile>
    <ClCompile Include="25강정렬두배열의원소교체.cpp">
      <Filter>소스 파일\이코테</Filter>
    </ClCompile>
    <ClCompile Include="이코테27강떡볶이떡.cpp">
      <Filter>소스 파일\이코테</Filter>
    </ClCompile>
    <ClCompile Include="이코테27강정렬된배열에서특정수의개수구하기.cpp">
      <Filter>소스 파일\이코테</Filter>
    </ClCompile>
  </ItemGroup>
</Project>